
Microsoft Visual Studio Solution File, Format Version 12.00
# Visual Studio Version 16
VisualStudioVersion = 16.0.29709.97
MinimumVisualStudioVersion = 10.0.40219.1
Project("{FAE04EC0-301F-11D3-BF4B-00C04F79EFBC}") = "LINQ_Problems_App", "LINQ_Problems_App\LINQ_Problems_App.csproj", "{B3004BB6-D98E-4FA8-B4D5-14ABB3F8F60F}"
EndProject
Global
	GlobalSection(SolutionConfigurationPlatforms) = preSolution
		Debug|Any CPU = Debug|Any CPU
		Release|Any CPU = Release|Any CPU
	EndGlobalSection
	GlobalSection(ProjectConfigurationPlatforms) = postSolution
		{B3004BB6-D98E-4FA8-B4D5-14ABB3F8F60F}.Debug|Any CPU.ActiveCfg = Debug|Any CPU
		{B3004BB6-D98E-4FA8-B4D5-14ABB3F8F60F}.Debug|Any CPU.Build.0 = Debug|Any CPU
		{B3004BB6-D98E-4FA8-B4D5-14ABB3F8F60F}.Release|Any CPU.ActiveCfg = Release|Any CPU
		{B3004BB6-D98E-4FA8-B4D5-14ABB3F8F60F}.Release|Any CPU.Build.0 = Release|Any CPU
	EndGlobalSection
	GlobalSection(SolutionProperties) = preSolution
		HideSolutionNode = FALSE
	EndGlobalSection
	GlobalSection(ExtensibilityGlobals) = postSolution
		SolutionGuid = {6DB5922B-64B4-4691-9346-1C961E77DDAE}
	EndGlobalSection
EndGlobal
